{
  "lockfileVersion": 1,
  "configVersion": 1,
  "workspaces": {
    "": {
      "name": "splicers-server",
      "dependencies": {
        "pinata": "^1.5.0",
      },
      "devDependencies": {
        "bun-types": "^1.3.11",
      },
    },
  },
  "packages": {
    "@chainsafe/is-ip": ["@chainsafe/is-ip@2.1.0", "", {}, "sha512-KIjt+6IfysQ4GCv66xihEitBjvhU/bixbbbFxdJ1sqCp4uJ0wuZiYBPhksZoy4lfaF0k9cwNzY5upEW/VWdw3w=="],

    "@chainsafe/netmask": ["@chainsafe/netmask@2.0.0", "", { "dependencies": { "@chainsafe/is-ip": "^2.0.1" } }, "sha512-I3Z+6SWUoaljh3TBzCnCxjlUyN8tA+NAk5L6m9IxvCf1BENQTePzPMis97CoN/iMW1St3WN+AWCCRp+TTBRiDg=="],

    "@dnsquery/dns-packet": ["@dnsquery/dns-packet@6.1.1", "", { "dependencies": { "@leichtgewicht/ip-codec": "^2.0.4", "utf8-codec": "^1.0.0" } }, "sha512-WXTuFvL3G+74SchFAtz3FgIYVOe196ycvGsMgvSH/8Goptb1qpIQtIuM4SOK9G9lhMWYpHxnXyy544ZhluFOew=="],

    "@leichtgewicht/ip-codec": ["@leichtgewicht/ip-codec@2.0.5", "", {}, "sha512-Vo+PSpZG2/fmgmiNzYK9qWRh8h/CHrwD0mo1h1DzL4yzHNSfWYujGTYsWGreD000gcgmZ7K4Ys6Tx9TxtsKdDw=="],

    "@libp2p/interface": ["@libp2p/interface@3.1.1", "", { "dependencies": { "@multiformats/dns": "^1.0.6", "@multiformats/multiaddr": "^13.0.1", "main-event": "^1.0.1", "multiformats": "^13.4.0", "progress-events": "^1.0.1", "uint8arraylist": "^2.4.8" } }, "sha512-pQuReZeZUSqk27UXwXXdAVlxrgs08GrcPsd92Qv27IFBPICG8da3FmHg1bclUpMW/6GE6o4qDCVqR4cBMRVKyA=="],

    "@multiformats/dns": ["@multiformats/dns@1.0.13", "", { "dependencies": { "@dnsquery/dns-packet": "^6.1.1", "@libp2p/interface": "^3.1.0", "hashlru": "^2.3.0", "p-queue": "^9.0.0", "progress-events": "^1.0.0", "uint8arrays": "^5.0.2" } }, "sha512-yr4bxtA3MbvJ+2461kYIYMsiiZj/FIqKI64hE4SdvWJUdWF9EtZLar38juf20Sf5tguXKFUruluswAO6JsjS2w=="],

    "@multiformats/mafmt": ["@multiformats/mafmt@12.1.6", "", { "dependencies": { "@multiformats/multiaddr": "^12.0.0" } }, "sha512-tlJRfL21X+AKn9b5i5VnaTD6bNttpSpcqwKVmDmSHLwxoz97fAHaepqFOk/l1fIu94nImIXneNbhsJx/RQNIww=="],

    "@multiformats/multiaddr": ["@multiformats/multiaddr@12.5.1", "", { "dependencies": { "@chainsafe/is-ip": "^2.0.1", "@chainsafe/netmask": "^2.0.0", "@multiformats/dns": "^1.0.3", "abort-error": "^1.0.1", "multiformats": "^13.0.0", "uint8-varint": "^2.0.1", "uint8arrays": "^5.0.0" } }, "sha512-+DDlr9LIRUS8KncI1TX/FfUn8F2dl6BIxJgshS/yFQCNB5IAF0OGzcwB39g5NLE22s4qqDePv0Qof6HdpJ/4aQ=="],

    "@types/node": ["@types/node@25.5.0", "", { "dependencies": { "undici-types": "~7.18.0" } }, "sha512-jp2P3tQMSxWugkCUKLRPVUpGaL5MVFwF8RDuSRztfwgN1wmqJeMSbKlnEtQqU8UrhTmzEmZdu2I6v2dpp7XIxw=="],

    "abort-error": ["abort-error@1.0.1", "", {}, "sha512-fxqCblJiIPdSXIUrxI0PL+eJG49QdP9SQ70qtB65MVAoMr2rASlOyAbJFOylfB467F/f+5BCLJJq58RYi7mGfg=="],

    "bun-types": ["bun-types@1.3.11", "", { "dependencies": { "@types/node": "*" } }, "sha512-1KGPpoxQWl9f6wcZh57LvrPIInQMn2TQ7jsgxqpRzg+l0QPOFvJVH7HmvHo/AiPgwXy+/Thf6Ov3EdVn1vOabg=="],

    "data-uri-to-buffer": ["data-uri-to-buffer@4.0.1", "", {}, "sha512-0R9ikRb668HB7QDxT1vkpuUBtqc53YyAwMwGeUFKRojY/NWKvdZ+9UYtRfGmhqNbRkTSVpMbmyhXipFFv2cb/A=="],

    "eventemitter3": ["eventemitter3@5.0.4", "", {}, "sha512-mlsTRyGaPBjPedk6Bvw+aqbsXDtoAyAzm5MO7JgU+yVRyMQ5O8bD4Kcci7BS85f93veegeCPkL8R4GLClnjLFw=="],

    "fetch-blob": ["fetch-blob@3.2.0", "", { "dependencies": { "node-domexception": "^1.0.0", "web-streams-polyfill": "^3.0.3" } }, "sha512-7yAQpD2UMJzLi1Dqv7qFYnPbaPx7ZfFK6PiIxQ4PfkGPyNyl2Ugx+a/umUonmKqjhM4DnfbMvdX6otXq83soQQ=="],

    "formdata-polyfill": ["formdata-polyfill@4.0.10", "", { "dependencies": { "fetch-blob": "^3.1.2" } }, "sha512-buewHzMvYL29jdeQTVILecSaZKnt/RJWjoZCF5OW60Z67/GmSLBkOFM7qh1PI3zFNtJbaZL5eQu1vLfazOwj4g=="],

    "hashlru": ["hashlru@2.3.0", "", {}, "sha512-0cMsjjIC8I+D3M44pOQdsy0OHXGLVz6Z0beRuufhKa0KfaD2wGwAev6jILzXsd3/vpnNQJmWyZtIILqM1N+n5A=="],

    "is-ipfs": ["is-ipfs@8.0.4", "", { "dependencies": { "@multiformats/mafmt": "^12.1.6", "@multiformats/multiaddr": "^12.1.14", "iso-url": "^1.1.3", "multiformats": "^13.0.1", "uint8arrays": "^5.0.1" } }, "sha512-upkO6a8WgBSZMMmuPzmF2NQLWXtiJtHxdEfEiMWrOzCKoZ+XEiM0XlK4fFMfo/PyiRmPMJ4PsNrXyvJeqMrJXA=="],

    "iso-url": ["iso-url@1.2.1", "", {}, "sha512-9JPDgCN4B7QPkLtYAAOrEuAWvP9rWvR5offAr0/SeF046wIkglqH3VXgYYP6NcsKslH80UIVgmPqNe3j7tG2ng=="],

    "main-event": ["main-event@1.0.1", "", {}, "sha512-NWtdGrAca/69fm6DIVd8T9rtfDII4Q8NQbIbsKQq2VzS9eqOGYs8uaNQjcuaCq/d9H/o625aOTJX2Qoxzqw0Pw=="],

    "multiformats": ["multiformats@13.4.2", "", {}, "sha512-eh6eHCrRi1+POZ3dA+Dq1C6jhP1GNtr9CRINMb67OKzqW9I5DUuZM/3jLPlzhgpGeiNUlEGEbkCYChXMCc/8DQ=="],

    "node-domexception": ["node-domexception@1.0.0", "", {}, "sha512-/jKZoMpw0F8GRwl4/eLROPA3cfcXtLApP0QzLmUT/HuPCZWyB7IY9ZrMeKw2O/nFIqPQB3PVM9aYm0F312AXDQ=="],

    "node-fetch": ["node-fetch@3.3.2", "", { "dependencies": { "data-uri-to-buffer": "^4.0.0", "fetch-blob": "^3.1.4", "formdata-polyfill": "^4.0.10" } }, "sha512-dRB78srN/l6gqWulah9SrxeYnxeddIG30+GOqK/9OlLVyLg3HPnr6SqOWTWOXKRwC2eGYCkZ59NNuSgvSrpgOA=="],

    "p-queue": ["p-queue@9.1.1", "", { "dependencies": { "eventemitter3": "^5.0.1", "p-timeout": "^7.0.0" } }, "sha512-yQS1vV2V7Q14MQrgD8jMNY5owPuGgVHVdSK8NqmKpOVajnjbaeMa6uLOzTALPtvJ7Vo4bw0BGsw7qfUT8z24Ig=="],

    "p-timeout": ["p-timeout@7.0.1", "", {}, "sha512-AxTM2wDGORHGEkPCt8yqxOTMgpfbEHqF51f/5fJCmwFC3C/zNcGT63SymH2ttOAaiIws2zVg4+izQCjrakcwHg=="],

    "pinata": ["pinata@1.10.1", "", { "dependencies": { "is-ipfs": "^8.0.4", "node-fetch": "^3.3.1" } }, "sha512-/nB9C7zCEnC5YW+deO5FGX5RizSN23JXvbUdDLfzgwtKj4m5JC8ScuLkQ+iirfvpPQGQFQ/X5mR3aC/npTjFDA=="],

    "progress-events": ["progress-events@1.1.0", "", {}, "sha512-82DVc5tI36neVB3IjdXR11ztwGuoBc98em9ijzubeZKxI47OlV2Znq6mlPqE5xPDzO2Uw98GHiQSjj2favBCRQ=="],

    "uint8-varint": ["uint8-varint@2.0.4", "", { "dependencies": { "uint8arraylist": "^2.0.0", "uint8arrays": "^5.0.0" } }, "sha512-FwpTa7ZGA/f/EssWAb5/YV6pHgVF1fViKdW8cWaEarjB8t7NyofSWBdOTyFPaGuUG4gx3v1O3PQ8etsiOs3lcw=="],

    "uint8arraylist": ["uint8arraylist@2.4.8", "", { "dependencies": { "uint8arrays": "^5.0.1" } }, "sha512-vc1PlGOzglLF0eae1M8mLRTBivsvrGsdmJ5RbK3e+QRvRLOZfZhQROTwH/OfyF3+ZVUg9/8hE8bmKP2CvP9quQ=="],

    "uint8arrays": ["uint8arrays@5.1.0", "", { "dependencies": { "multiformats": "^13.0.0" } }, "sha512-vA6nFepEmlSKkMBnLBaUMVvAC4G3CTmO58C12y4sq6WPDOR7mOFYOi7GlrQ4djeSbP6JG9Pv9tJDM97PedRSww=="],

    "undici-types": ["undici-types@7.18.2", "", {}, "sha512-AsuCzffGHJybSaRrmr5eHr81mwJU3kjw6M+uprWvCXiNeN9SOGwQ3Jn8jb8m3Z6izVgknn1R0FTCEAP2QrLY/w=="],

    "utf8-codec": ["utf8-codec@1.0.0", "", {}, "sha512-S/QSLezp3qvG4ld5PUfXiH7mCFxLKjSVZRFkB3DOjgwHuJPFDkInAXc/anf7BAbHt/D38ozDzL+QMZ6/7gsI6w=="],

    "web-streams-polyfill": ["web-streams-polyfill@3.3.3", "", {}, "sha512-d2JWLCivmZYTSIoge9MsgFCZrt571BikcWGYkjC1khllbTeDlGqZ2D8vD8E/lJa8WGWbb7Plm8/XJYV7IJHZZw=="],

    "@libp2p/interface/@multiformats/multiaddr": ["@multiformats/multiaddr@13.0.1", "", { "dependencies": { "@chainsafe/is-ip": "^2.0.1", "multiformats": "^13.0.0", "uint8-varint": "^2.0.1", "uint8arrays": "^5.0.0" } }, "sha512-XToN915cnfr6Lr9EdGWakGJbPT0ghpg/850HvdC+zFX8XvpLZElwa8synCiwa8TuvKNnny6m8j8NVBNCxhIO3g=="],
  }
}
